// !$*UTF8*$!
{
	archiveVersion = 1;
	classes = {
	};
	objectVersion = 56;
	objects = {

/* Begin PBXBuildFile section */
		1D01C66EE4CF00F945256F8B /* Pods_Stock_App.framework in Frameworks */ = {isa = PBXBuildFile; fileRef = 362FB8FE1BCCF3E2325FD623 /* Pods_Stock_App.framework */; };
		F603F0F92AF4119800A2CA70 /* StockClass.swift in Sources */ = {isa = PBXBuildFile; fileRef = F603F0F82AF4119800A2CA70 /* StockClass.swift */; };
		F603F0FE2AF43DF300A2CA70 /* AddStockViewController.swift in Sources */ = {isa = PBXBuildFile; fileRef = F603F0FD2AF43BD500A2CA70 /* AddStockViewController.swift */; };
		F603F0FF2AF43DF500A2CA70 /* ViewController.swift in Sources */ = {isa = PBXBuildFile; fileRef = F603F0FC2AF43BCC00A2CA70 /* ViewController.swift */; };
		F603F1012AF43EFB00A2CA70 /* StockAppNetworking.swift in Sources */ = {isa = PBXBuildFile; fileRef = F603F1002AF43EFB00A2CA70 /* StockAppNetworking.swift */; };
		F603F1032AF443BD00A2CA70 /* StockQuoteShort.swift in Sources */ = {isa = PBXBuildFile; fileRef = F603F1022AF443BD00A2CA70 /* StockQuoteShort.swift */; };
		F67FCA3D2AF9A8210091C52B /* StockTableViewCell.swift in Sources */ = {isa = PBXBuildFile; fileRef = F67FCA3B2AF9A8210091C52B /* StockTableViewCell.swift */; };
		F67FCA3E2AF9A8210091C52B /* StockTableViewCell.xib in Resources */ = {isa = PBXBuildFile; fileRef = F67FCA3C2AF9A8210091C52B /* StockTableViewCell.xib */; };
		F6CF8CF82AE49D9D00684164 /* AppDelegate.swift in Sources */ = {isa = PBXBuildFile; fileRef = F6CF8CF72AE49D9D00684164 /* AppDelegate.swift */; };
		F6CF8CFA2AE49D9D00684164 /* SceneDelegate.swift in Sources */ = {isa = PBXBuildFile; fileRef = F6CF8CF92AE49D9D00684164 /* SceneDelegate.swift */; };
		F6CF8CFF2AE49D9D00684164 /* Main.storyboard in Resources */ = {isa = PBXBuildFile; fileRef = F6CF8CFD2AE49D9D00684164 /* Main.storyboard */; };
		F6CF8D012AE49D9E00684164 /* Assets.xcassets in Resources */ = {isa = PBXBuildFile; fileRef = F6CF8D002AE49D9E00684164 /* Assets.xcassets */; };
		F6CF8D042AE49D9E00684164 /* LaunchScreen.storyboard in Resources */ = {isa = PBXBuildFile; fileRef = F6CF8D022AE49D9E00684164 /* LaunchScreen.storyboard */; };
		F6CF8D0F2AE5CCD700684164 /* Contants.swift in Sources */ = {isa = PBXBuildFile; fileRef = F6CF8D0E2AE5CCD700684164 /* Contants.swift */; };
/* End PBXBuildFile section */

/* Begin PBXFileReference section */
		362FB8FE1BCCF3E2325FD623 /* Pods_Stock_App.framework */ = {isa = PBXFileReference; explicitFileType = wrapper.framework; includeInIndex = 0; path = Pods_Stock_App.framework; sourceTree = BUILT_PRODUCTS_DIR; };
		7BFA8E0EB2AC675B62201D70 /* Pods-Stock App.release.xcconfig */ = {isa = PBXFileReference; includeInIndex = 1; lastKnownFileType = text.xcconfig; name = "Pods-Stock App.release.xcconfig"; path = "Target Support Files/Pods-Stock App/Pods-Stock App.release.xcconfig"; sourceTree = "<group>"; };
		A8C2CD7CA92865D522A82C32 /* Pods-Stock App.debug.xcconfig */ = {isa = PBXFileReference; includeInIndex = 1; lastKnownFileType = text.xcconfig; name = "Pods-Stock App.debug.xcconfig"; path = "Target Support Files/Pods-Stock App/Pods-Stock App.debug.xcconfig"; sourceTree = "<group>"; };
		F603F0F82AF4119800A2CA70 /* StockClass.swift */ = {isa = PBXFileReference; lastKnownFileType = sourcecode.swift; path = StockClass.swift; sourceTree = "<group>"; };
		F603F0FC2AF43BCC00A2CA70 /* ViewController.swift */ = {isa = PBXFileReference; lastKnownFileType = sourcecode.swift; path = ViewController.swift; sourceTree = "<group>"; };
		F603F0FD2AF43BD500A2CA70 /* AddStockViewController.swift */ = {isa = PBXFileReference; lastKnownFileType = sourcecode.swift; path = AddStockViewController.swift; sourceTree = "<group>"; };
		F603F1002AF43EFB00A2CA70 /* StockAppNetworking.swift */ = {isa = PBXFileReference; lastKnownFileType = sourcecode.swift; path = StockAppNetworking.swift; sourceTree = "<group>"; };
		F603F1022AF443BD00A2CA70 /* StockQuoteShort.swift */ = {isa = PBXFileReference; lastKnownFileType = sourcecode.swift; path = StockQuoteShort.swift; sourceTree = "<group>"; };
		F67FCA3B2AF9A8210091C52B /* StockTableViewCell.swift */ = {isa = PBXFileReference; lastKnownFileType = sourcecode.swift; path = StockTableViewCell.swift; sourceTree = "<group>"; };
		F67FCA3C2AF9A8210091C52B /* StockTableViewCell.xib */ = {isa = PBXFileReference; lastKnownFileType = file.xib; path = StockTableViewCell.xib; sourceTree = "<group>"; };
		F6CF8CF42AE49D9D00684164 /* Stock App.app */ = {isa = PBXFileReference; explicitFileType = wrapper.application; includeInIndex = 0; path = "Stock App.app"; sourceTree = BUILT_PRODUCTS_DIR; };
		F6CF8CF72AE49D9D00684164 /* AppDelegate.swift */ = {isa = PBXFileReference; lastKnownFileType = sourcecode.swift; path = AppDelegate.swift; sourceTree = "<group>"; };
		F6CF8CF92AE49D9D00684164 /* SceneDelegate.swift */ = {isa = PBXFileReference; lastKnownFileType = sourcecode.swift; path = SceneDelegate.swift; sourceTree = "<group>"; };
		F6CF8CFE2AE49D9D00684164 /* Base */ = {isa = PBXFileReference; lastKnownFileType = file.storyboard; name = Base; path = Base.lproj/Main.storyboard; sourceTree = "<group>"; };
		F6CF8D002AE49D9E00684164 /* Assets.xcassets */ = {isa = PBXFileReference; lastKnownFileType = folder.assetcatalog; path = Assets.xcassets; sourceTree = "<group>"; };
		F6CF8D032AE49D9E00684164 /* Base */ = {isa = PBXFileReference; lastKnownFileType = file.storyboard; name = Base; path = Base.lproj/LaunchScreen.storyboard; sourceTree = "<group>"; };
		F6CF8D052AE49D9E00684164 /* Info.plist */ = {isa = PBXFileReference; lastKnownFileType = text.plist.xml; path = Info.plist; sourceTree = "<group>"; };
		F6CF8D0E2AE5CCD700684164 /* Contants.swift */ = {isa = PBXFileReference; lastKnownFileType = sourcecode.swift; path = Contants.swift; sourceTree = "<group>"; };
/* End PBXFileReference section */

/* Begin PBXFrameworksBuildPhase section */
		F6CF8CF12AE49D9D00684164 /* Frameworks */ = {
			isa = PBXFrameworksBuildPhase;
			buildActionMask = 2147483647;
			files = (
				1D01C66EE4CF00F945256F8B /* Pods_Stock_App.framework in Frameworks */,
			);
			runOnlyForDeploymentPostprocessing = 0;
		};
/* End PBXFrameworksBuildPhase section */

/* Begin PBXGroup section */
		1E1D401FAA2D171FC210E973 /* Frameworks */ = {
			isa = PBXGroup;
			children = (
				362FB8FE1BCCF3E2325FD623 /* Pods_Stock_App.framework */,
			);
			name = Frameworks;
			sourceTree = "<group>";
		};
		7197DC537BD79F49EF2FA5D4 /* Pods */ = {
			isa = PBXGroup;
			children = (
				A8C2CD7CA92865D522A82C32 /* Pods-Stock App.debug.xcconfig */,
				7BFA8E0EB2AC675B62201D70 /* Pods-Stock App.release.xcconfig */,
			);
			path = Pods;
			sourceTree = "<group>";
		};
		F603F0FA2AF43BA900A2CA70 /* Model */ = {
			isa = PBXGroup;
			children = (
				F603F0F82AF4119800A2CA70 /* StockClass.swift */,
				F603F1022AF443BD00A2CA70 /* StockQuoteShort.swift */,
			);
			path = Model;
			sourceTree = "<group>";
		};
		F603F0FB2AF43BB300A2CA70 /* Controller */ = {
			isa = PBXGroup;
			children = (
				F603F0FC2AF43BCC00A2CA70 /* ViewController.swift */,
				F603F0FD2AF43BD500A2CA70 /* AddStockViewController.swift */,
				F603F1002AF43EFB00A2CA70 /* StockAppNetworking.swift */,
			);
			path = Controller;
			sourceTree = "<group>";
		};
		F67FCA3A2AF9A7F40091C52B /* View */ = {
			isa = PBXGroup;
			children = (
				F67FCA3B2AF9A8210091C52B /* StockTableViewCell.swift */,
				F67FCA3C2AF9A8210091C52B /* StockTableViewCell.xib */,
			);
			path = View;
			sourceTree = "<group>";
		};
		F6CF8CEB2AE49D9D00684164 = {
			isa = PBXGroup;
			children = (
				F6CF8CF62AE49D9D00684164 /* Stock App */,
				F6CF8CF52AE49D9D00684164 /* Products */,
				7197DC537BD79F49EF2FA5D4 /* Pods */,
				1E1D401FAA2D171FC210E973 /* Frameworks */,
			);
			sourceTree = "<group>";
		};
		F6CF8CF52AE49D9D00684164 /* Products */ = {
			isa = PBXGroup;
			children = (
				F6CF8CF42AE49D9D00684164 /* Stock App.app */,
			);
			name = Products;
			sourceTree = "<group>";
		};
		F6CF8CF62AE49D9D00684164 /* Stock App */ = {
			isa = PBXGroup;
			children = (
				F67FCA3A2AF9A7F40091C52B /* View */,
				F603F0FB2AF43BB300A2CA70 /* Controller */,
				F603F0FA2AF43BA900A2CA70 /* Model */,
				F6CF8D0B2AE5CCB100684164 /* Util */,
				F6CF8CF72AE49D9D00684164 /* AppDelegate.swift */,
				F6CF8CF92AE49D9D00684164 /* SceneDelegate.swift */,
				F6CF8CFD2AE49D9D00684164 /* Main.storyboard */,
				F6CF8D002AE49D9E00684164 /* Assets.xcassets */,
				F6CF8D022AE49D9E00684164 /* LaunchScreen.storyboard */,
				F6CF8D052AE49D9E00684164 /* Info.plist */,
			);
			path = "Stock App";
			sourceTree = "<group>";
		};
		F6CF8D0B2AE5CCB100684164 /* Util */ = {
			isa = PBXGroup;
			children = (
				F6CF8D0E2AE5CCD700684164 /* Contants.swift */,
			);
			path = Util;
			sourceTree = "<group>";
		};
/* End PBXGroup section */

/* Begin PBXNativeTarget section */
		F6CF8CF32AE49D9D00684164 /* Stock App */ = {
			isa = PBXNativeTarget;
			buildConfigurationList = F6CF8D082AE49D9E00684164 /* Build configuration list for PBXNativeTarget "Stock App" */;
			buildPhases = (
				6E8539BB397B4A0034A435F7 /* [CP] Check Pods Manifest.lock */,
				F6CF8CF02AE49D9D00684164 /* Sources */,
				F6CF8CF12AE49D9D00684164 /* Frameworks */,
				F6CF8CF22AE49D9D00684164 /* Resources */,
				6B537395FF154E4C6D2AA4B6 /* [CP] Embed Pods Frameworks */,
			);
			buildRules = (
			);
			dependencies = (
			);
			name = "Stock App";
			productName = "Stock App";
			productReference = F6CF8CF42AE49D9D00684164 /* Stock App.app */;
			productType = "com.apple.product-type.application";
		};
/* End PBXNativeTarget section */

/* Begin PBXProject section */
		F6CF8CEC2AE49D9D00684164 /* Project object */ = {
			isa = PBXProject;
			attributes = {
				BuildIndependentTargetsInParallel = 1;
				LastSwiftUpdateCheck = 1430;
				LastUpgradeCheck = 1430;
				TargetAttributes = {
					F6CF8CF32AE49D9D00684164 = {
						CreatedOnToolsVersion = 14.3.1;
					};
				};
			};
			buildConfigurationList = F6CF8CEF2AE49D9D00684164 /* Build configuration list for PBXProject "Stock App" */;
			compatibilityVersion = "Xcode 14.0";
			developmentRegion = en;
			hasScannedForEncodings = 0;
			knownRegions = (
				en,
				Base,
			);
			mainGroup = F6CF8CEB2AE49D9D00684164;
			productRefGroup = F6CF8CF52AE49D9D00684164 /* Products */;
			projectDirPath = "";
			projectRoot = "";
			targets = (
				F6CF8CF32AE49D9D00684164 /* Stock App */,
			);
		};
/* End PBXProject section */

/* Begin PBXResourcesBuildPhase section */
		F6CF8CF22AE49D9D00684164 /* Resources */ = {
			isa = PBXResourcesBuildPhase;
			buildActionMask = 2147483647;
			files = (
				F6CF8D042AE49D9E00684164 /* LaunchScreen.storyboard in Resources */,
				F6CF8D012AE49D9E00684164 /* Assets.xcassets in Resources */,
				F67FCA3E2AF9A8210091C52B /* StockTableViewCell.xib in Resources */,
				F6CF8CFF2AE49D9D00684164 /* Main.storyboard in Resources */,
			);
			runOnlyForDeploymentPostprocessing = 0;
		};
/* End PBXResourcesBuildPhase section */

/* Begin PBXShellScriptBuildPhase section */
		6B537395FF154E4C6D2AA4B6 /* [CP] Embed Pods Frameworks */ = {
			isa = PBXShellScriptBuildPhase;
			buildActionMask = 2147483647;
			files = (
			);
			inputFileListPaths = (
				"${PODS_ROOT}/Target Support Files/Pods-Stock App/Pods-Stock App-frameworks-${CONFIGURATION}-input-files.xcfilelist",
			);
			name = "[CP] Embed Pods Frameworks";
			outputFileListPaths = (
				"${PODS_ROOT}/Target Support Files/Pods-Stock App/Pods-Stock App-frameworks-${CONFIGURATION}-output-files.xcfilelist",
			);
			runOnlyForDeploymentPostprocessing = 0;
			shellPath = /bin/sh;
			shellScript = "\"${PODS_ROOT}/Target Support Files/Pods-Stock App/Pods-Stock App-frameworks.sh\"\n";
			showEnvVarsInLog = 0;
		};
		6E8539BB397B4A0034A435F7 /* [CP] Check Pods Manifest.lock */ = {
			isa = PBXShellScriptBuildPhase;
			buildActionMask = 2147483647;
			files = (
			);
			inputFileListPaths = (
			);
			inputPaths = (
				"${PODS_PODFILE_DIR_PATH}/Podfile.lock",
				"${PODS_ROOT}/Manifest.lock",
			);
			name = "[CP] Check Pods Manifest.lock";
			outputFileListPaths = (
			);
			outputPaths = (
				"$(DERIVED_FILE_DIR)/Pods-Stock App-checkManifestLockResult.txt",
			);
			runOnlyForDeploymentPostprocessing = 0;
			shellPath = /bin/sh;
			shellScript = "diff \"${PODS_PODFILE_DIR_PATH}/Podfile.lock\" \"${PODS_ROOT}/Manifest.lock\" > /dev/null\nif [ $? != 0 ] ; then\n    # print error to STDERR\n    echo \"error: The sandbox is not in sync with the Podfile.lock. Run 'pod install' or update your CocoaPods installation.\" >&2\n    exit 1\nfi\n# This output is used by Xcode 'outputs' to avoid re-running this script phase.\necho \"SUCCESS\" > \"${SCRIPT_OUTPUT_FILE_0}\"\n";
			showEnvVarsInLog = 0;
		};
/* End PBXShellScriptBuildPhase section */

/* Begin PBXSourcesBuildPhase section */
		F6CF8CF02AE49D9D00684164 /* Sources */ = {
			isa = PBXSourcesBuildPhase;
			buildActionMask = 2147483647;
			files = (
				F603F0FF2AF43DF500A2CA70 /* ViewController.swift in Sources */,
				F6CF8CF82AE49D9D00684164 /* AppDelegate.swift in Sources */,
				F603F1032AF443BD00A2CA70 /* StockQuoteShort.swift in Sources */,
				F6CF8CFA2AE49D9D00684164 /* SceneDelegate.swift in Sources */,
				F67FCA3D2AF9A8210091C52B /* StockTableViewCell.swift in Sources */,
				F6CF8D0F2AE5CCD700684164 /* Contants.swift in Sources */,
				F603F1012AF43EFB00A2CA70 /* StockAppNetworking.swift in Sources */,
				F603F0F92AF4119800A2CA70 /* StockClass.swift in Sources */,
				F603F0FE2AF43DF300A2CA70 /* AddStockViewController.swift in Sources */,
			);
			runOnlyForDeploymentPostprocessing = 0;
		};
/* End PBXSourcesBuildPhase section */

/* Begin PBXVariantGroup section */
		F6CF8CFD2AE49D9D00684164 /* Main.storyboard */ = {
			isa = PBXVariantGroup;
			children = (
				F6CF8CFE2AE49D9D00684164 /* Base */,
			);
			name = Main.storyboard;
			sourceTree = "<group>";
		};
		F6CF8D022AE49D9E00684164 /* LaunchScreen.storyboard */ = {
			isa = PBXVariantGroup;
			children = (
				F6CF8D032AE49D9E00684164 /* Base */,
			);
			name = LaunchScreen.storyboard;
			sourceTree = "<group>";
		};
/* End PBXVariantGroup section */

/* Begin XCBuildConfiguration section */
		F6CF8D062AE49D9E00684164 /* Debug */ = {
			isa = XCBuildConfiguration;
			buildSettings = {
				ALWAYS_SEARCH_USER_PATHS = NO;
				CLANG_ANALYZER_NONNULL = YES;
				CLANG_ANALYZER_NUMBER_OBJECT_CONVERSION = YES_AGGRESSIVE;
				CLANG_CXX_LANGUAGE_STANDARD = "gnu++20";
				CLANG_ENABLE_MODULES = YES;
				CLANG_ENABLE_OBJC_ARC = YES;
				CLANG_ENABLE_OBJC_WEAK = YES;
				CLANG_WARN_BLOCK_CAPTURE_AUTORELEASING = YES;
				CLANG_WARN_BOOL_CONVERSION = YES;
				CLANG_WARN_COMMA = YES;
				CLANG_WARN_CONSTANT_CONVERSION = YES;
				CLANG_WARN_DEPRECATED_OBJC_IMPLEMENTATIONS = YES;
				CLANG_WARN_DIRECT_OBJC_ISA_USAGE = YES_ERROR;
				CLANG_WARN_DOCUMENTATION_COMMENTS = YES;
				CLANG_WARN_EMPTY_BODY = YES;
				CLANG_WARN_ENUM_CONVERSION = YES;
				CLANG_WARN_INFINITE_RECURSION = YES;
				CLANG_WARN_INT_CONVERSION = YES;
				CLANG_WARN_NON_LITERAL_NULL_CONVERSION = YES;
				CLANG_WARN_OBJC_IMPLICIT_RETAIN_SELF = YES;
				CLANG_WARN_OBJC_LITERAL_CONVERSION = YES;
				CLANG_WARN_OBJC_ROOT_CLASS = YES_ERROR;
				CLANG_WARN_QUOTED_INCLUDE_IN_FRAMEWORK_HEADER = YES;
				CLANG_WARN_RANGE_LOOP_ANALYSIS = YES;
				CLANG_WARN_STRICT_PROTOTYPES = YES;
				CLANG_WARN_SUSPICIOUS_MOVE = YES;
				CLANG_WARN_UNGUARDED_AVAILABILITY = YES_AGGRESSIVE;
				CLANG_WARN_UNREACHABLE_CODE = YES;
				CLANG_WARN__DUPLICATE_METHOD_MATCH = YES;
				COPY_PHASE_STRIP = NO;
				DEBUG_INFORMATION_FORMAT = dwarf;
				ENABLE_STRICT_OBJC_MSGSEND = YES;
				ENABLE_TESTABILITY = YES;
				GCC_C_LANGUAGE_STANDARD = gnu11;
				GCC_DYNAMIC_NO_PIC = NO;
				GCC_NO_COMMON_BLOCKS = YES;
				GCC_OPTIMIZATION_LEVEL = 0;
				GCC_PREPROCESSOR_DEFINITIONS = (
					"DEBUG=1",
					"$(inherited)",
				);
				GCC_WARN_64_TO_32_BIT_CONVERSION = YES;
				GCC_WARN_ABOUT_RETURN_TYPE = YES_ERROR;
				GCC_WARN_UNDECLARED_SELECTOR = YES;
				GCC_WARN_UNINITIALIZED_AUTOS = YES_AGGRESSIVE;
				GCC_WARN_UNUSED_FUNCTION = YES;
				GCC_WARN_UNUSED_VARIABLE = YES;
				IPHONEOS_DEPLOYMENT_TARGET = 16.4;
				MTL_ENABLE_DEBUG_INFO = INCLUDE_SOURCE;
				MTL_FAST_MATH = YES;
				ONLY_ACTIVE_ARCH = YES;
				SDKROOT = iphoneos;
				SWIFT_ACTIVE_COMPILATION_CONDITIONS = DEBUG;
				SWIFT_OPTIMIZATION_LEVEL = "-Onone";
			};
			name = Debug;
		};
		F6CF8D072AE49D9E00684164 /* Release */ = {
			isa = XCBuildConfiguration;
			buildSettings = {
				ALWAYS_SEARCH_USER_PATHS = NO;
				CLANG_ANALYZER_NONNULL = YES;
				CLANG_ANALYZER_NUMBER_OBJECT_CONVERSION = YES_AGGRESSIVE;
				CLANG_CXX_LANGUAGE_STANDARD = "gnu++20";
				CLANG_ENABLE_MODULES = YES;
				CLANG_ENABLE_OBJC_ARC = YES;
				CLANG_ENABLE_OBJC_WEAK = YES;
				CLANG_WARN_BLOCK_CAPTURE_AUTORELEASING = YES;
				CLANG_WARN_BOOL_CONVERSION = YES;
				CLANG_WARN_COMMA = YES;
				CLANG_WARN_CONSTANT_CONVERSION = YES;
				CLANG_WARN_DEPRECATED_OBJC_IMPLEMENTATIONS = YES;
				CLANG_WARN_DIRECT_OBJC_ISA_USAGE = YES_ERROR;
				CLANG_WARN_DOCUMENTATION_COMMENTS = YES;
				CLANG_WARN_EMPTY_BODY = YES;
				CLANG_WARN_ENUM_CONVERSION = YES;
				CLANG_WARN_INFINITE_RECURSION = YES;
				CLANG_WARN_INT_CONVERSION = YES;
				CLANG_WARN_NON_LITERAL_NULL_CONVERSION = YES;
				CLANG_WARN_OBJC_IMPLICIT_RETAIN_SELF = YES;
				CLANG_WARN_OBJC_LITERAL_CONVERSION = YES;
				CLANG_WARN_OBJC_ROOT_CLASS = YES_ERROR;
				CLANG_WARN_QUOTED_INCLUDE_IN_FRAMEWORK_HEADER = YES;
				CLANG_WARN_RANGE_LOOP_ANALYSIS = YES;
				CLANG_WARN_STRICT_PROTOTYPES = YES;
				CLANG_WARN_SUSPICIOUS_MOVE = YES;
				CLANG_WARN_UNGUARDED_AVAILABILITY = YES_AGGRESSIVE;
				CLANG_WARN_UNREACHABLE_CODE = YES;
				CLANG_WARN__DUPLICATE_METHOD_MATCH = YES;
				COPY_PHASE_STRIP = NO;
				DEBUG_INFORMATION_FORMAT = "dwarf-with-dsym";
				ENABLE_NS_ASSERTIONS = NO;
				ENABLE_STRICT_OBJC_MSGSEND = YES;
				GCC_C_LANGUAGE_STANDARD = gnu11;
				GCC_NO_COMMON_BLOCKS = YES;
				GCC_WARN_64_TO_32_BIT_CONVERSION = YES;
				GCC_WARN_ABOUT_RETURN_TYPE = YES_ERROR;
				GCC_WARN_UNDECLARED_SELECTOR = YES;
				GCC_WARN_UNINITIALIZED_AUTOS = YES_AGGRESSIVE;
				GCC_WARN_UNUSED_FUNCTION = YES;
				GCC_WARN_UNUSED_VARIABLE = YES;
				IPHONEOS_DEPLOYMENT_TARGET = 16.4;
				MTL_ENABLE_DEBUG_INFO = NO;
				MTL_FAST_MATH = YES;
				SDKROOT = iphoneos;
				SWIFT_COMPILATION_MODE = wholemodule;
				SWIFT_OPTIMIZATION_LEVEL = "-O";
				VALIDATE_PRODUCT = YES;
			};
			name = Release;
		};
		F6CF8D092AE49D9E00684164 /* Debug */ = {
			isa = XCBuildConfiguration;
			baseConfigurationReference = A8C2CD7CA92865D522A82C32 /* Pods-Stock App.debug.xcconfig */;
			buildSettings = {
				ASSETCATALOG_COMPILER_APPICON_NAME = AppIcon;
				ASSETCATALOG_COMPILER_GLOBAL_ACCENT_COLOR_NAME = AccentColor;
				CODE_SIGN_STYLE = Automatic;
				CURRENT_PROJECT_VERSION = 1;
				GENERATE_INFOPLIST_FILE = YES;
				INFOPLIST_FILE = "Stock App/Info.plist";
				INFOPLIST_KEY_UIApplicationSupportsIndirectInputEvents = YES;
				INFOPLIST_KEY_UILaunchStoryboardName = LaunchScreen;
				INFOPLIST_KEY_UIMainStoryboardFile = Main;
				INFOPLIST_KEY_UISupportedInterfaceOrientations_iPad = "UIInterfaceOrientationPortrait UIInterfaceOrientationPortraitUpsideDown UIInterfaceOrientationLandscapeLeft UIInterfaceOrientationLandscapeRight";
				INFOPLIST_KEY_UISupportedInterfaceOrientations_iPhone = "UIInterfaceOrientationPortrait UIInterfaceOrientationLandscapeLeft UIInterfaceOrientationLandscapeRight";
				LD_RUNPATH_SEARCH_PATHS = (
					"$(inherited)",
					"@executable_path/Frameworks",
				);
				MARKETING_VERSION = 1.0;
				PRODUCT_BUNDLE_IDENTIFIER = "edu.northeastern.xinyu.Stock-App";
				PRODUCT_NAME = "$(TARGET_NAME)";
				SWIFT_EMIT_LOC_STRINGS = YES;
				SWIFT_VERSION = 5.0;
				TARGETED_DEVICE_FAMILY = "1,2";
			};
			name = Debug;
		};
		F6CF8D0A2AE49D9E00684164 /* Release */ = {
			isa = XCBuildConfiguration;
			baseConfigurationReference = 7BFA8E0EB2AC675B62201D70 /* Pods-Stock App.release.xcconfig */;
			buildSettings = {
				ASSETCATALOG_COMPILER_APPICON_NAME = AppIcon;
				ASSETCATALOG_COMPILER_GLOBAL_ACCENT_COLOR_NAME = AccentColor;
				CODE_SIGN_STYLE = Automatic;
				CURRENT_PROJECT_VERSION = 1;
				GENERATE_INFOPLIST_FILE = YES;
				INFOPLIST_FILE = "Stock App/Info.plist";
				INFOPLIST_KEY_UIApplicationSupportsIndirectInputEvents = YES;
				INFOPLIST_KEY_UILaunchStoryboardName = LaunchScreen;
				INFOPLIST_KEY_UIMainStoryboardFile = Main;
				INFOPLIST_KEY_UISupportedInterfaceOrientations_iPad = "UIInterfaceOrientationPortrait UIInterfaceOrientationPortraitUpsideDown UIInterfaceOrientationLandscapeLeft UIInterfaceOrientationLandscapeRight";
				INFOPLIST_KEY_UISupportedInterfaceOrientations_iPhone = "UIInterfaceOrientationPortrait UIInterfaceOrientationLandscapeLeft UIInterfaceOrientationLandscapeRight";
				LD_RUNPATH_SEARCH_PATHS = (
					"$(inherited)",
					"@executable_path/Frameworks",
				);
				MARKETING_VERSION = 1.0;
				PRODUCT_BUNDLE_IDENTIFIER = "edu.northeastern.xinyu.Stock-App";
				PRODUCT_NAME = "$(TARGET_NAME)";
				SWIFT_EMIT_LOC_STRINGS = YES;
				SWIFT_VERSION = 5.0;
				TARGETED_DEVICE_FAMILY = "1,2";
			};
			name = Release;
		};
/* End XCBuildConfiguration section */

/* Begin XCConfigurationList section */
		F6CF8CEF2AE49D9D00684164 /* Build configuration list for PBXProject "Stock App" */ = {
			isa = XCConfigurationList;
			buildConfigurations = (
				F6CF8D062AE49D9E00684164 /* Debug */,
				F6CF8D072AE49D9E00684164 /* Release */,
			);
			defaultConfigurationIsVisible = 0;
			defaultConfigurationName = Release;
		};
		F6CF8D082AE49D9E00684164 /* Build configuration list for PBXNativeTarget "Stock App" */ = {
			isa = XCConfigurationList;
			buildConfigurations = (
				F6CF8D092AE49D9E00684164 /* Debug */,
				F6CF8D0A2AE49D9E00684164 /* Release */,
			);
			defaultConfigurationIsVisible = 0;
			defaultConfigurationName = Release;
		};
/* End XCConfigurationList section */
	};
	rootObject = F6CF8CEC2AE49D9D00684164 /* Project object */;
}
